// !$*UTF8*$!
{
	archiveVersion = 1;
	classes = {
	};
	objectVersion = 56;
	objects = {

/* Begin PBXBuildFile section */
		46B2F9BE2BBDD62200788A99 /* UncoveredApp.swift in Sources */ = {isa = PBXBuildFile; fileRef = 46B2F9BD2BBDD62200788A99 /* UncoveredApp.swift */; };
		46B2F9C02BBDD62200788A99 /* ContentView.swift in Sources */ = {isa = PBXBuildFile; fileRef = 46B2F9BF2BBDD62200788A99 /* ContentView.swift */; };
		46B2F9C22BBDD62500788A99 /* Assets.xcassets in Resources */ = {isa = PBXBuildFile; fileRef = 46B2F9C12BBDD62500788A99 /* Assets.xcassets */; };
		46B2F9C62BBDD62500788A99 /* Preview Assets.xcassets in Resources */ = {isa = PBXBuildFile; fileRef = 46B2F9C52BBDD62500788A99 /* Preview Assets.xcassets */; };
		46B2F9CD2BBDD75200788A99 /* ProfileView.swift in Sources */ = {isa = PBXBuildFile; fileRef = 46B2F9CC2BBDD75200788A99 /* ProfileView.swift */; };
		46B2F9CF2BBDD77900788A99 /* CartView.swift in Sources */ = {isa = PBXBuildFile; fileRef = 46B2F9CE2BBDD77900788A99 /* CartView.swift */; };
		46B2F9D12BBDD79E00788A99 /* FavoriteView.swift in Sources */ = {isa = PBXBuildFile; fileRef = 46B2F9D02BBDD79E00788A99 /* FavoriteView.swift */; };
		46B2F9D32BBDD7B300788A99 /* HomeView.swift in Sources */ = {isa = PBXBuildFile; fileRef = 46B2F9D22BBDD7B300788A99 /* HomeView.swift */; };
		46B2F9D52BBE51F100788A99 /* BoxView.swift in Sources */ = {isa = PBXBuildFile; fileRef = 46B2F9D42BBE51F100788A99 /* BoxView.swift */; };
		46B2F9D72BBE521400788A99 /* HomeViewModel.swift in Sources */ = {isa = PBXBuildFile; fileRef = 46B2F9D62BBE521400788A99 /* HomeViewModel.swift */; };
/* End PBXBuildFile section */

/* Begin PBXFileReference section */
		1AE659C12BD196D20088E374 /* Info.plist */ = {isa = PBXFileReference; lastKnownFileType = text.plist; path = Info.plist; sourceTree = "<group>"; };
		46B2F9BA2BBDD62200788A99 /* Uncovered.app */ = {isa = PBXFileReference; explicitFileType = wrapper.application; includeInIndex = 0; path = Uncovered.app; sourceTree = BUILT_PRODUCTS_DIR; };
		46B2F9BD2BBDD62200788A99 /* UncoveredApp.swift */ = {isa = PBXFileReference; lastKnownFileType = sourcecode.swift; path = UncoveredApp.swift; sourceTree = "<group>"; };
		46B2F9BF2BBDD62200788A99 /* ContentView.swift */ = {isa = PBXFileReference; lastKnownFileType = sourcecode.swift; path = ContentView.swift; sourceTree = "<group>"; };
		46B2F9C12BBDD62500788A99 /* Assets.xcassets */ = {isa = PBXFileReference; lastKnownFileType = folder.assetcatalog; path = Assets.xcassets; sourceTree = "<group>"; };
		46B2F9C32BBDD62500788A99 /* Uncovered.entitlements */ = {isa = PBXFileReference; lastKnownFileType = text.plist.entitlements; path = Uncovered.entitlements; sourceTree = "<group>"; };
		46B2F9C52BBDD62500788A99 /* Preview Assets.xcassets */ = {isa = PBXFileReference; lastKnownFileType = folder.assetcatalog; path = "Preview Assets.xcassets"; sourceTree = "<group>"; };
		46B2F9CC2BBDD75200788A99 /* ProfileView.swift */ = {isa = PBXFileReference; lastKnownFileType = sourcecode.swift; path = ProfileView.swift; sourceTree = "<group>"; };
		46B2F9CE2BBDD77900788A99 /* CartView.swift */ = {isa = PBXFileReference; lastKnownFileType = sourcecode.swift; path = CartView.swift; sourceTree = "<group>"; };
		46B2F9D02BBDD79E00788A99 /* FavoriteView.swift */ = {isa = PBXFileReference; lastKnownFileType = sourcecode.swift; path = FavoriteView.swift; sourceTree = "<group>"; };
		46B2F9D22BBDD7B300788A99 /* HomeView.swift */ = {isa = PBXFileReference; lastKnownFileType = sourcecode.swift; path = HomeView.swift; sourceTree = "<group>"; };
		46B2F9D42BBE51F100788A99 /* BoxView.swift */ = {isa = PBXFileReference; lastKnownFileType = sourcecode.swift; path = BoxView.swift; sourceTree = "<group>"; };
		46B2F9D62BBE521400788A99 /* HomeViewModel.swift */ = {isa = PBXFileReference; lastKnownFileType = sourcecode.swift; path = HomeViewModel.swift; sourceTree = "<group>"; };
/* End PBXFileReference section */

/* Begin PBXFrameworksBuildPhase section */
		46B2F9B72BBDD62200788A99 /* Frameworks */ = {
			isa = PBXFrameworksBuildPhase;
			buildActionMask = 2147483647;
			files = (
			);
			runOnlyForDeploymentPostprocessing = 0;
		};
/* End PBXFrameworksBuildPhase section */

/* Begin PBXGroup section */
		46B2F9B12BBDD62200788A99 = {
			isa = PBXGroup;
			children = (
				46B2F9BC2BBDD62200788A99 /* Uncovered */,
				46B2F9BB2BBDD62200788A99 /* Products */,
			);
			sourceTree = "<group>";
		};
		46B2F9BB2BBDD62200788A99 /* Products */ = {
			isa = PBXGroup;
			children = (
				46B2F9BA2BBDD62200788A99 /* Uncovered.app */,
			);
			name = Products;
			sourceTree = "<group>";
		};
		46B2F9BC2BBDD62200788A99 /* Uncovered */ = {
			isa = PBXGroup;
			children = (
				1AE659C12BD196D20088E374 /* Info.plist */,
				46B2F9BD2BBDD62200788A99 /* UncoveredApp.swift */,
				46B2F9BF2BBDD62200788A99 /* ContentView.swift */,
				46B2F9CE2BBDD77900788A99 /* CartView.swift */,
				46B2F9D02BBDD79E00788A99 /* FavoriteView.swift */,
				46B2F9D22BBDD7B300788A99 /* HomeView.swift */,
				46B2F9D62BBE521400788A99 /* HomeViewModel.swift */,
				46B2F9D42BBE51F100788A99 /* BoxView.swift */,
				46B2F9CC2BBDD75200788A99 /* ProfileView.swift */,
				46B2F9C12BBDD62500788A99 /* Assets.xcassets */,
				46B2F9C32BBDD62500788A99 /* Uncovered.entitlements */,
				46B2F9C42BBDD62500788A99 /* Preview Content */,
			);
			path = Uncovered;
			sourceTree = "<group>";
		};
		46B2F9C42BBDD62500788A99 /* Preview Content */ = {
			isa = PBXGroup;
			children = (
				46B2F9C52BBDD62500788A99 /* Preview Assets.xcassets */,
			);
			path = "Preview Content";
			sourceTree = "<group>";
		};
/* End PBXGroup section */

/* Begin PBXNativeTarget section */
		46B2F9B92BBDD62200788A99 /* Uncovered */ = {
			isa = PBXNativeTarget;
			buildConfigurationList = 46B2F9C92BBDD62500788A99 /* Build configuration list for PBXNativeTarget "Uncovered" */;
			buildPhases = (
				46B2F9B62BBDD62200788A99 /* Sources */,
				46B2F9B72BBDD62200788A99 /* Frameworks */,
				46B2F9B82BBDD62200788A99 /* Resources */,
			);
			buildRules = (
			);
			dependencies = (
			);
			name = Uncovered;
			productName = Uncovered;
			productReference = 46B2F9BA2BBDD62200788A99 /* Uncovered.app */;
			productType = "com.apple.product-type.application";
		};
/* End PBXNativeTarget section */

/* Begin PBXProject section */
		46B2F9B22BBDD62200788A99 /* Project object */ = {
			isa = PBXProject;
			attributes = {
				BuildIndependentTargetsInParallel = 1;
				LastSwiftUpdateCheck = 1520;
				LastUpgradeCheck = 1520;
				TargetAttributes = {
					46B2F9B92BBDD62200788A99 = {
						CreatedOnToolsVersion = 15.2;
					};
				};
			};
			buildConfigurationList = 46B2F9B52BBDD62200788A99 /* Build configuration list for PBXProject "Uncovered" */;
			compatibilityVersion = "Xcode 14.0";
			developmentRegion = en;
			hasScannedForEncodings = 0;
			knownRegions = (
				en,
				Base,
			);
			mainGroup = 46B2F9B12BBDD62200788A99;
			productRefGroup = 46B2F9BB2BBDD62200788A99 /* Products */;
			projectDirPath = "";
			projectRoot = "";
			targets = (
				46B2F9B92BBDD62200788A99 /* Uncovered */,
			);
		};
/* End PBXProject section */

/* Begin PBXResourcesBuildPhase section */
		46B2F9B82BBDD62200788A99 /* Resources */ = {
			isa = PBXResourcesBuildPhase;
			buildActionMask = 2147483647;
			files = (
				46B2F9C62BBDD62500788A99 /* Preview Assets.xcassets in Resources */,
				46B2F9C22BBDD62500788A99 /* Assets.xcassets in Resources */,
			);
			runOnlyForDeploymentPostprocessing = 0;
		};
/* End PBXResourcesBuildPhase section */

/* Begin PBXSourcesBuildPhase section */
		46B2F9B62BBDD62200788A99 /* Sources */ = {
			isa = PBXSourcesBuildPhase;
			buildActionMask = 2147483647;
			files = (
				46B2F9D52BBE51F100788A99 /* BoxView.swift in Sources */,
				46B2F9C02BBDD62200788A99 /* ContentView.swift in Sources */,
				46B2F9D72BBE521400788A99 /* HomeViewModel.swift in Sources */,
				46B2F9CD2BBDD75200788A99 /* ProfileView.swift in Sources */,
				46B2F9CF2BBDD77900788A99 /* CartView.swift in Sources */,
				46B2F9D32BBDD7B300788A99 /* HomeView.swift in Sources */,
				46B2F9D12BBDD79E00788A99 /* FavoriteView.swift in Sources */,
				46B2F9BE2BBDD62200788A99 /* UncoveredApp.swift in Sources */,
			);
			runOnlyForDeploymentPostprocessing = 0;
		};
/* End PBXSourcesBuildPhase section */

/* Begin XCBuildConfiguration section */
		46B2F9C72BBDD62500788A99 /* Debug */ = {
			isa = XCBuildConfiguration;
			buildSettings = {
				ALWAYS_SEARCH_USER_PATHS = NO;
				ASSETCATALOG_COMPILER_GENERATE_SWIFT_ASSET_SYMBOL_EXTENSIONS = YES;
				CLANG_ANALYZER_NONNULL = YES;
				CLANG_ANALYZER_NUMBER_OBJECT_CONVERSION = YES_AGGRESSIVE;
				CLANG_CXX_LANGUAGE_STANDARD = "gnu++20";
				CLANG_ENABLE_MODULES = YES;
				CLANG_ENABLE_OBJC_ARC = YES;
				CLANG_ENABLE_OBJC_WEAK = YES;
				CLANG_WARN_BLOCK_CAPTURE_AUTORELEASING = YES;
				CLANG_WARN_BOOL_CONVERSION = YES;
				CLANG_WARN_COMMA = YES;
				CLANG_WARN_CONSTANT_CONVERSION = YES;
				CLANG_WARN_DEPRECATED_OBJC_IMPLEMENTATIONS = YES;
				CLANG_WARN_DIRECT_OBJC_ISA_USAGE = YES_ERROR;
				CLANG_WARN_DOCUMENTATION_COMMENTS = YES;
				CLANG_WARN_EMPTY_BODY = YES;
				CLANG_WARN_ENUM_CONVERSION = YES;
				CLANG_WARN_INFINITE_RECURSION = YES;
				CLANG_WARN_INT_CONVERSION = YES;
				CLANG_WARN_NON_LITERAL_NULL_CONVERSION = YES;
				CLANG_WARN_OBJC_IMPLICIT_RETAIN_SELF = YES;
				CLANG_WARN_OBJC_LITERAL_CONVERSION = YES;
				CLANG_WARN_OBJC_ROOT_CLASS = YES_ERROR;
				CLANG_WARN_QUOTED_INCLUDE_IN_FRAMEWORK_HEADER = YES;
				CLANG_WARN_RANGE_LOOP_ANALYSIS = YES;
				CLANG_WARN_STRICT_PROTOTYPES = YES;
				CLANG_WARN_SUSPICIOUS_MOVE = YES;
				CLANG_WARN_UNGUARDED_AVAILABILITY = YES_AGGRESSIVE;
				CLANG_WARN_UNREACHABLE_CODE = YES;
				CLANG_WARN__DUPLICATE_METHOD_MATCH = YES;
				COPY_PHASE_STRIP = NO;
				DEBUG_INFORMATION_FORMAT = dwarf;
				ENABLE_STRICT_OBJC_MSGSEND = YES;
				ENABLE_TESTABILITY = YES;
				ENABLE_USER_SCRIPT_SANDBOXING = YES;
				GCC_C_LANGUAGE_STANDARD = gnu17;
				GCC_DYNAMIC_NO_PIC = NO;
				GCC_NO_COMMON_BLOCKS = YES;
				GCC_OPTIMIZATION_LEVEL = 0;
				GCC_PREPROCESSOR_DEFINITIONS = (
					"DEBUG=1",
					"$(inherited)",
				);
				GCC_WARN_64_TO_32_BIT_CONVERSION = YES;
				GCC_WARN_ABOUT_RETURN_TYPE = YES_ERROR;
				GCC_WARN_UNDECLARED_SELECTOR = YES;
				GCC_WARN_UNINITIALIZED_AUTOS = YES_AGGRESSIVE;
				GCC_WARN_UNUSED_FUNCTION = YES;
				GCC_WARN_UNUSED_VARIABLE = YES;
				LOCALIZATION_PREFERS_STRING_CATALOGS = YES;
				MTL_ENABLE_DEBUG_INFO = INCLUDE_SOURCE;
				MTL_FAST_MATH = YES;
				ONLY_ACTIVE_ARCH = YES;
				SWIFT_ACTIVE_COMPILATION_CONDITIONS = "DEBUG $(inherited)";
				SWIFT_OPTIMIZATION_LEVEL = "-Onone";
			};
			name = Debug;
		};
		46B2F9C82BBDD62500788A99 /* Release */ = {
			isa = XCBuildConfiguration;
			buildSettings = {
				ALWAYS_SEARCH_USER_PATHS = NO;
				ASSETCATALOG_COMPILER_GENERATE_SWIFT_ASSET_SYMBOL_EXTENSIONS = YES;
				CLANG_ANALYZER_NONNULL = YES;
				CLANG_ANALYZER_NUMBER_OBJECT_CONVERSION = YES_AGGRESSIVE;
				CLANG_CXX_LANGUAGE_STANDARD = "gnu++20";
				CLANG_ENABLE_MODULES = YES;
				CLANG_ENABLE_OBJC_ARC = YES;
				CLANG_ENABLE_OBJC_WEAK = YES;
				CLANG_WARN_BLOCK_CAPTURE_AUTORELEASING = YES;
				CLANG_WARN_BOOL_CONVERSION = YES;
				CLANG_WARN_COMMA = YES;
				CLANG_WARN_CONSTANT_CONVERSION = YES;
				CLANG_WARN_DEPRECATED_OBJC_IMPLEMENTATIONS = YES;
				CLANG_WARN_DIRECT_OBJC_ISA_USAGE = YES_ERROR;
				CLANG_WARN_DOCUMENTATION_COMMENTS = YES;
				CLANG_WARN_EMPTY_BODY = YES;
				CLANG_WARN_ENUM_CONVERSION = YES;
				CLANG_WARN_INFINITE_RECURSION = YES;
				CLANG_WARN_INT_CONVERSION = YES;
				CLANG_WARN_NON_LITERAL_NULL_CONVERSION = YES;
				CLANG_WARN_OBJC_IMPLICIT_RETAIN_SELF = YES;
				CLANG_WARN_OBJC_LITERAL_CONVERSION = YES;
				CLANG_WARN_OBJC_ROOT_CLASS = YES_ERROR;
				CLANG_WARN_QUOTED_INCLUDE_IN_FRAMEWORK_HEADER = YES;
				CLANG_WARN_RANGE_LOOP_ANALYSIS = YES;
				CLANG_WARN_STRICT_PROTOTYPES = YES;
				CLANG_WARN_SUSPICIOUS_MOVE = YES;
				CLANG_WARN_UNGUARDED_AVAILABILITY = YES_AGGRESSIVE;
				CLANG_WARN_UNREACHABLE_CODE = YES;
				CLANG_WARN__DUPLICATE_METHOD_MATCH = YES;
				COPY_PHASE_STRIP = NO;
				DEBUG_INFORMATION_FORMAT = "dwarf-with-dsym";
				ENABLE_NS_ASSERTIONS = NO;
				ENABLE_STRICT_OBJC_MSGSEND = YES;
				ENABLE_USER_SCRIPT_SANDBOXING = YES;
				GCC_C_LANGUAGE_STANDARD = gnu17;
				GCC_NO_COMMON_BLOCKS = YES;
				GCC_WARN_64_TO_32_BIT_CONVERSION = YES;
				GCC_WARN_ABOUT_RETURN_TYPE = YES_ERROR;
				GCC_WARN_UNDECLARED_SELECTOR = YES;
				GCC_WARN_UNINITIALIZED_AUTOS = YES_AGGRESSIVE;
				GCC_WARN_UNUSED_FUNCTION = YES;
				GCC_WARN_UNUSED_VARIABLE = YES;
				LOCALIZATION_PREFERS_STRING_CATALOGS = YES;
				MTL_ENABLE_DEBUG_INFO = NO;
				MTL_FAST_MATH = YES;
				SWIFT_COMPILATION_MODE = wholemodule;
			};
			name = Release;
		};
		46B2F9CA2BBDD62500788A99 /* Debug */ = {
			isa = XCBuildConfiguration;
			buildSettings = {
				ASSETCATALOG_COMPILER_APPICON_NAME = AppIcon;
				ASSETCATALOG_COMPILER_GLOBAL_ACCENT_COLOR_NAME = AccentColor;
				CODE_SIGN_ENTITLEMENTS = Uncovered/Uncovered.entitlements;
				CODE_SIGN_STYLE = Automatic;
				CURRENT_PROJECT_VERSION = 1;
				DEVELOPMENT_ASSET_PATHS = "\"Uncovered/Preview Content\"";
				DEVELOPMENT_TEAM = P9W72Q5W6F;
				ENABLE_HARDENED_RUNTIME = YES;
				ENABLE_PREVIEWS = YES;
				GENERATE_INFOPLIST_FILE = YES;
				INFOPLIST_FILE = Uncovered/Info.plist;
				"INFOPLIST_KEY_UIApplicationSceneManifest_Generation[sdk=iphoneos*]" = YES;
				"INFOPLIST_KEY_UIApplicationSceneManifest_Generation[sdk=iphonesimulator*]" = YES;
				"INFOPLIST_KEY_UIApplicationSupportsIndirectInputEvents[sdk=iphoneos*]" = YES;
				"INFOPLIST_KEY_UIApplicationSupportsIndirectInputEvents[sdk=iphonesimulator*]" = YES;
				"INFOPLIST_KEY_UILaunchScreen_Generation[sdk=iphoneos*]" = YES;
				"INFOPLIST_KEY_UILaunchScreen_Generation[sdk=iphonesimulator*]" = YES;
				"INFOPLIST_KEY_UIStatusBarStyle[sdk=iphoneos*]" = UIStatusBarStyleDefault;
				"INFOPLIST_KEY_UIStatusBarStyle[sdk=iphonesimulator*]" = UIStatusBarStyleDefault;
				INFOPLIST_KEY_UISupportedInterfaceOrientations_iPad = "UIInterfaceOrientationPortrait UIInterfaceOrientationPortraitUpsideDown UIInterfaceOrientationLandscapeLeft UIInterfaceOrientationLandscapeRight";
				INFOPLIST_KEY_UISupportedInterfaceOrientations_iPhone = "UIInterfaceOrientationPortrait UIInterfaceOrientationLandscapeLeft UIInterfaceOrientationLandscapeRight";
				IPHONEOS_DEPLOYMENT_TARGET = 17.2;
				LD_RUNPATH_SEARCH_PATHS = "@executable_path/Frameworks";
				"LD_RUNPATH_SEARCH_PATHS[sdk=macosx*]" = "@executable_path/../Frameworks";
				MACOSX_DEPLOYMENT_TARGET = 14.2;
				MARKETING_VERSION = 1.0;
				PRODUCT_BUNDLE_IDENTIFIER = me.hernandez.james.Uncovered;
				PRODUCT_NAME = "$(TARGET_NAME)";
				SDKROOT = auto;
				SUPPORTED_PLATFORMS = "iphoneos iphonesimulator macosx";
				SWIFT_EMIT_LOC_STRINGS = YES;
				SWIFT_VERSION = 5.0;
				TARGETED_DEVICE_FAMILY = "1,2";
			};
			name = Debug;
		};
		46B2F9CB2BBDD62500788A99 /* Release */ = {
			isa = XCBuildConfiguration;
			buildSettings = {
				ASSETCATALOG_COMPILER_APPICON_NAME = AppIcon;
				ASSETCATALOG_COMPILER_GLOBAL_ACCENT_COLOR_NAME = AccentColor;
				CODE_SIGN_ENTITLEMENTS = Uncovered/Uncovered.entitlements;
				CODE_SIGN_STYLE = Automatic;
				CURRENT_PROJECT_VERSION = 1;
				DEVELOPMENT_ASSET_PATHS = "\"Uncovered/Preview Content\"";
				DEVELOPMENT_TEAM = P9W72Q5W6F;
				ENABLE_HARDENED_RUNTIME = YES;
				ENABLE_PREVIEWS = YES;
				GENERATE_INFOPLIST_FILE = YES;
				INFOPLIST_FILE = Uncovered/Info.plist;
				"INFOPLIST_KEY_UIApplicationSceneManifest_Generation[sdk=iphoneos*]" = YES;
				"INFOPLIST_KEY_UIApplicationSceneManifest_Generation[sdk=iphonesimulator*]" = YES;
				"INFOPLIST_KEY_UIApplicationSupportsIndirectInputEvents[sdk=iphoneos*]" = YES;
				"INFOPLIST_KEY_UIApplicationSupportsIndirectInputEvents[sdk=iphonesimulator*]" = YES;
				"INFOPLIST_KEY_UILaunchScreen_Generation[sdk=iphoneos*]" = YES;
				"INFOPLIST_KEY_UILaunchScreen_Generation[sdk=iphonesimulator*]" = YES;
				"INFOPLIST_KEY_UIStatusBarStyle[sdk=iphoneos*]" = UIStatusBarStyleDefault;
				"INFOPLIST_KEY_UIStatusBarStyle[sdk=iphonesimulator*]" = UIStatusBarStyleDefault;
				INFOPLIST_KEY_UISupportedInterfaceOrientations_iPad = "UIInterfaceOrientationPortrait UIInterfaceOrientationPortraitUpsideDown UIInterfaceOrientationLandscapeLeft UIInterfaceOrientationLandscapeRight";
				INFOPLIST_KEY_UISupportedInterfaceOrientations_iPhone = "UIInterfaceOrientationPortrait UIInterfaceOrientationLandscapeLeft UIInterfaceOrientationLandscapeRight";
				IPHONEOS_DEPLOYMENT_TARGET = 17.2;
				LD_RUNPATH_SEARCH_PATHS = "@executable_path/Frameworks";
				"LD_RUNPATH_SEARCH_PATHS[sdk=macosx*]" = "@executable_path/../Frameworks";
				MACOSX_DEPLOYMENT_TARGET = 14.2;
				MARKETING_VERSION = 1.0;
				PRODUCT_BUNDLE_IDENTIFIER = me.hernandez.james.Uncovered;
				PRODUCT_NAME = "$(TARGET_NAME)";
				SDKROOT = auto;
				SUPPORTED_PLATFORMS = "iphoneos iphonesimulator macosx";
				SWIFT_EMIT_LOC_STRINGS = YES;
				SWIFT_VERSION = 5.0;
				TARGETED_DEVICE_FAMILY = "1,2";
			};
			name = Release;
		};
/* End XCBuildConfiguration section */

/* Begin XCConfigurationList section */
		46B2F9B52BBDD62200788A99 /* Build configuration list for PBXProject "Uncovered" */ = {
			isa = XCConfigurationList;
			buildConfigurations = (
				46B2F9C72BBDD62500788A99 /* Debug */,
				46B2F9C82BBDD62500788A99 /* Release */,
			);
			defaultConfigurationIsVisible = 0;
			defaultConfigurationName = Release;
		};
		46B2F9C92BBDD62500788A99 /* Build configuration list for PBXNativeTarget "Uncovered" */ = {
			isa = XCConfigurationList;
			buildConfigurations = (
				46B2F9CA2BBDD62500788A99 /* Debug */,
				46B2F9CB2BBDD62500788A99 /* Release */,
			);
			defaultConfigurationIsVisible = 0;
			defaultConfigurationName = Release;
		};
/* End XCConfigurationList section */
	};
	rootObject = 46B2F9B22BBDD62200788A99 /* Project object */;
}
